// !$*UTF8*$!
{
	archiveVersion = 1;
	classes = {
	};
	objectVersion = 55;
	objects = {

/* Begin PBXBuildFile section */
		81F8D66827DA138F00894748 /* AppDelegate.swift in Sources */ = {isa = PBXBuildFile; fileRef = 81F8D66727DA138F00894748 /* AppDelegate.swift */; };
		81F8D66A27DA138F00894748 /* SceneDelegate.swift in Sources */ = {isa = PBXBuildFile; fileRef = 81F8D66927DA138F00894748 /* SceneDelegate.swift */; };
		81F8D66C27DA138F00894748 /* ViewController.swift in Sources */ = {isa = PBXBuildFile; fileRef = 81F8D66B27DA138F00894748 /* ViewController.swift */; };
		81F8D66F27DA138F00894748 /* Main.storyboard in Resources */ = {isa = PBXBuildFile; fileRef = 81F8D66D27DA138F00894748 /* Main.storyboard */; };
		81F8D67127DA139100894748 /* Assets.xcassets in Resources */ = {isa = PBXBuildFile; fileRef = 81F8D67027DA139100894748 /* Assets.xcassets */; };
		81F8D67427DA139100894748 /* LaunchScreen.storyboard in Resources */ = {isa = PBXBuildFile; fileRef = 81F8D67227DA139100894748 /* LaunchScreen.storyboard */; };
		81F8D67F27DA139100894748 /* GetaroundTests.swift in Sources */ = {isa = PBXBuildFile; fileRef = 81F8D67E27DA139100894748 /* GetaroundTests.swift */; };
		81F8D68927DA139100894748 /* GetaroundUITests.swift in Sources */ = {isa = PBXBuildFile; fileRef = 81F8D68827DA139100894748 /* GetaroundUITests.swift */; };
		81F8D68B27DA139200894748 /* GetaroundUITestsLaunchTests.swift in Sources */ = {isa = PBXBuildFile; fileRef = 81F8D68A27DA139200894748 /* GetaroundUITestsLaunchTests.swift */; };
/* End PBXBuildFile section */

/* Begin PBXContainerItemProxy section */
		81F8D67B27DA139100894748 /* PBXContainerItemProxy */ = {
			isa = PBXContainerItemProxy;
			containerPortal = 81F8D65C27DA138F00894748 /* Project object */;
			proxyType = 1;
			remoteGlobalIDString = 81F8D66327DA138F00894748;
			remoteInfo = Getaround;
		};
		81F8D68527DA139100894748 /* PBXContainerItemProxy */ = {
			isa = PBXContainerItemProxy;
			containerPortal = 81F8D65C27DA138F00894748 /* Project object */;
			proxyType = 1;
			remoteGlobalIDString = 81F8D66327DA138F00894748;
			remoteInfo = Getaround;
		};
/* End PBXContainerItemProxy section */

/* Begin PBXFileReference section */
		81F8D66427DA138F00894748 /* Getaround.app */ = {isa = PBXFileReference; explicitFileType = wrapper.application; includeInIndex = 0; path = Getaround.app; sourceTree = BUILT_PRODUCTS_DIR; };
		81F8D66727DA138F00894748 /* AppDelegate.swift */ = {isa = PBXFileReference; lastKnownFileType = sourcecode.swift; path = AppDelegate.swift; sourceTree = "<group>"; };
		81F8D66927DA138F00894748 /* SceneDelegate.swift */ = {isa = PBXFileReference; lastKnownFileType = sourcecode.swift; path = SceneDelegate.swift; sourceTree = "<group>"; };
		81F8D66B27DA138F00894748 /* ViewController.swift */ = {isa = PBXFileReference; lastKnownFileType = sourcecode.swift; path = ViewController.swift; sourceTree = "<group>"; };
		81F8D66E27DA138F00894748 /* Base */ = {isa = PBXFileReference; lastKnownFileType = file.storyboard; name = Base; path = Base.lproj/Main.storyboard; sourceTree = "<group>"; };
		81F8D67027DA139100894748 /* Assets.xcassets */ = {isa = PBXFileReference; lastKnownFileType = folder.assetcatalog; path = Assets.xcassets; sourceTree = "<group>"; };
		81F8D67327DA139100894748 /* Base */ = {isa = PBXFileReference; lastKnownFileType = file.storyboard; name = Base; path = Base.lproj/LaunchScreen.storyboard; sourceTree = "<group>"; };
		81F8D67527DA139100894748 /* Info.plist */ = {isa = PBXFileReference; lastKnownFileType = text.plist.xml; path = Info.plist; sourceTree = "<group>"; };
		81F8D67A27DA139100894748 /* GetaroundTests.xctest */ = {isa = PBXFileReference; explicitFileType = wrapper.cfbundle; includeInIndex = 0; path = GetaroundTests.xctest; sourceTree = BUILT_PRODUCTS_DIR; };
		81F8D67E27DA139100894748 /* GetaroundTests.swift */ = {isa = PBXFileReference; lastKnownFileType = sourcecode.swift; path = GetaroundTests.swift; sourceTree = "<group>"; };
		81F8D68427DA139100894748 /* GetaroundUITests.xctest */ = {isa = PBXFileReference; explicitFileType = wrapper.cfbundle; includeInIndex = 0; path = GetaroundUITests.xctest; sourceTree = BUILT_PRODUCTS_DIR; };
		81F8D68827DA139100894748 /* GetaroundUITests.swift */ = {isa = PBXFileReference; lastKnownFileType = sourcecode.swift; path = GetaroundUITests.swift; sourceTree = "<group>"; };
		81F8D68A27DA139200894748 /* GetaroundUITestsLaunchTests.swift */ = {isa = PBXFileReference; lastKnownFileType = sourcecode.swift; path = GetaroundUITestsLaunchTests.swift; sourceTree = "<group>"; };
/* End PBXFileReference section */

/* Begin PBXFrameworksBuildPhase section */
		81F8D66127DA138F00894748 /* Frameworks */ = {
			isa = PBXFrameworksBuildPhase;
			buildActionMask = 2147483647;
			files = (
			);
			runOnlyForDeploymentPostprocessing = 0;
		};
		81F8D67727DA139100894748 /* Frameworks */ = {
			isa = PBXFrameworksBuildPhase;
			buildActionMask = 2147483647;
			files = (
			);
			runOnlyForDeploymentPostprocessing = 0;
		};
		81F8D68127DA139100894748 /* Frameworks */ = {
			isa = PBXFrameworksBuildPhase;
			buildActionMask = 2147483647;
			files = (
			);
			runOnlyForDeploymentPostprocessing = 0;
		};
/* End PBXFrameworksBuildPhase section */

/* Begin PBXGroup section */
		81F8D65B27DA138F00894748 = {
			isa = PBXGroup;
			children = (
				81F8D66627DA138F00894748 /* Getaround */,
				81F8D67D27DA139100894748 /* GetaroundTests */,
				81F8D68727DA139100894748 /* GetaroundUITests */,
				81F8D66527DA138F00894748 /* Products */,
			);
			sourceTree = "<group>";
		};
		81F8D66527DA138F00894748 /* Products */ = {
			isa = PBXGroup;
			children = (
				81F8D66427DA138F00894748 /* Getaround.app */,
				81F8D67A27DA139100894748 /* GetaroundTests.xctest */,
				81F8D68427DA139100894748 /* GetaroundUITests.xctest */,
			);
			name = Products;
			sourceTree = "<group>";
		};
		81F8D66627DA138F00894748 /* Getaround */ = {
			isa = PBXGroup;
			children = (
				81F8D66727DA138F00894748 /* AppDelegate.swift */,
				81F8D66927DA138F00894748 /* SceneDelegate.swift */,
				81F8D66B27DA138F00894748 /* ViewController.swift */,
				81F8D66D27DA138F00894748 /* Main.storyboard */,
				81F8D67027DA139100894748 /* Assets.xcassets */,
				81F8D67227DA139100894748 /* LaunchScreen.storyboard */,
				81F8D67527DA139100894748 /* Info.plist */,
			);
			path = Getaround;
			sourceTree = "<group>";
		};
		81F8D67D27DA139100894748 /* GetaroundTests */ = {
			isa = PBXGroup;
			children = (
				81F8D67E27DA139100894748 /* GetaroundTests.swift */,
			);
			path = GetaroundTests;
			sourceTree = "<group>";
		};
		81F8D68727DA139100894748 /* GetaroundUITests */ = {
			isa = PBXGroup;
			children = (
				81F8D68827DA139100894748 /* GetaroundUITests.swift */,
				81F8D68A27DA139200894748 /* GetaroundUITestsLaunchTests.swift */,
			);
			path = GetaroundUITests;
			sourceTree = "<group>";
		};
/* End PBXGroup section */

/* Begin PBXNativeTarget section */
		81F8D66327DA138F00894748 /* Getaround */ = {
			isa = PBXNativeTarget;
			buildConfigurationList = 81F8D68E27DA139200894748 /* Build configuration list for PBXNativeTarget "Getaround" */;
			buildPhases = (
				81F8D66027DA138F00894748 /* Sources */,
				81F8D66127DA138F00894748 /* Frameworks */,
				81F8D66227DA138F00894748 /* Resources */,
			);
			buildRules = (
			);
			dependencies = (
			);
			name = Getaround;
			productName = Getaround;
			productReference = 81F8D66427DA138F00894748 /* Getaround.app */;
			productType = "com.apple.product-type.application";
		};
		81F8D67927DA139100894748 /* GetaroundTests */ = {
			isa = PBXNativeTarget;
			buildConfigurationList = 81F8D69127DA139200894748 /* Build configuration list for PBXNativeTarget "GetaroundTests" */;
			buildPhases = (
				81F8D67627DA139100894748 /* Sources */,
				81F8D67727DA139100894748 /* Frameworks */,
				81F8D67827DA139100894748 /* Resources */,
			);
			buildRules = (
			);
			dependencies = (
				81F8D67C27DA139100894748 /* PBXTargetDependency */,
			);
			name = GetaroundTests;
			productName = GetaroundTests;
			productReference = 81F8D67A27DA139100894748 /* GetaroundTests.xctest */;
			productType = "com.apple.product-type.bundle.unit-test";
		};
		81F8D68327DA139100894748 /* GetaroundUITests */ = {
			isa = PBXNativeTarget;
			buildConfigurationList = 81F8D69427DA139200894748 /* Build configuration list for PBXNativeTarget "GetaroundUITests" */;
			buildPhases = (
				81F8D68027DA139100894748 /* Sources */,
				81F8D68127DA139100894748 /* Frameworks */,
				81F8D68227DA139100894748 /* Resources */,
			);
			buildRules = (
			);
			dependencies = (
				81F8D68627DA139100894748 /* PBXTargetDependency */,
			);
			name = GetaroundUITests;
			productName = GetaroundUITests;
			productReference = 81F8D68427DA139100894748 /* GetaroundUITests.xctest */;
			productType = "com.apple.product-type.bundle.ui-testing";
		};
/* End PBXNativeTarget section */

/* Begin PBXProject section */
		81F8D65C27DA138F00894748 /* Project object */ = {
			isa = PBXProject;
			attributes = {
				BuildIndependentTargetsInParallel = 1;
				LastSwiftUpdateCheck = 1320;
				LastUpgradeCheck = 1320;
				TargetAttributes = {
					81F8D66327DA138F00894748 = {
						CreatedOnToolsVersion = 13.2;
					};
					81F8D67927DA139100894748 = {
						CreatedOnToolsVersion = 13.2;
						TestTargetID = 81F8D66327DA138F00894748;
					};
					81F8D68327DA139100894748 = {
						CreatedOnToolsVersion = 13.2;
						TestTargetID = 81F8D66327DA138F00894748;
					};
				};
			};
			buildConfigurationList = 81F8D65F27DA138F00894748 /* Build configuration list for PBXProject "Getaround" */;
			compatibilityVersion = "Xcode 13.0";
			developmentRegion = en;
			hasScannedForEncodings = 0;
			knownRegions = (
				en,
				Base,
			);
			mainGroup = 81F8D65B27DA138F00894748;
			productRefGroup = 81F8D66527DA138F00894748 /* Products */;
			projectDirPath = "";
			projectRoot = "";
			targets = (
				81F8D66327DA138F00894748 /* Getaround */,
				81F8D67927DA139100894748 /* GetaroundTests */,
				81F8D68327DA139100894748 /* GetaroundUITests */,
			);
		};
/* End PBXProject section */

/* Begin PBXResourcesBuildPhase section */
		81F8D66227DA138F00894748 /* Resources */ = {
			isa = PBXResourcesBuildPhase;
			buildActionMask = 2147483647;
			files = (
				81F8D67427DA139100894748 /* LaunchScreen.storyboard in Resources */,
				81F8D67127DA139100894748 /* Assets.xcassets in Resources */,
				81F8D66F27DA138F00894748 /* Main.storyboard in Resources */,
			);
			runOnlyForDeploymentPostprocessing = 0;
		};
		81F8D67827DA139100894748 /* Resources */ = {
			isa = PBXResourcesBuildPhase;
			buildActionMask = 2147483647;
			files = (
			);
			runOnlyForDeploymentPostprocessing = 0;
		};
		81F8D68227DA139100894748 /* Resources */ = {
			isa = PBXResourcesBuildPhase;
			buildActionMask = 2147483647;
			files = (
			);
			runOnlyForDeploymentPostprocessing = 0;
		};
/* End PBXResourcesBuildPhase section */

/* Begin PBXSourcesBuildPhase section */
		81F8D66027DA138F00894748 /* Sources */ = {
			isa = PBXSourcesBuildPhase;
			buildActionMask = 2147483647;
			files = (
				81F8D66C27DA138F00894748 /* ViewController.swift in Sources */,
				81F8D66827DA138F00894748 /* AppDelegate.swift in Sources */,
				81F8D66A27DA138F00894748 /* SceneDelegate.swift in Sources */,
			);
			runOnlyForDeploymentPostprocessing = 0;
		};
		81F8D67627DA139100894748 /* Sources */ = {
			isa = PBXSourcesBuildPhase;
			buildActionMask = 2147483647;
			files = (
				81F8D67F27DA139100894748 /* GetaroundTests.swift in Sources */,
			);
			runOnlyForDeploymentPostprocessing = 0;
		};
		81F8D68027DA139100894748 /* Sources */ = {
			isa = PBXSourcesBuildPhase;
			buildActionMask = 2147483647;
			files = (
				81F8D68B27DA139200894748 /* GetaroundUITestsLaunchTests.swift in Sources */,
				81F8D68927DA139100894748 /* GetaroundUITests.swift in Sources */,
			);
			runOnlyForDeploymentPostprocessing = 0;
		};
/* End PBXSourcesBuildPhase section */

/* Begin PBXTargetDependency section */
		81F8D67C27DA139100894748 /* PBXTargetDependency */ = {
			isa = PBXTargetDependency;
			target = 81F8D66327DA138F00894748 /* Getaround */;
			targetProxy = 81F8D67B27DA139100894748 /* PBXContainerItemProxy */;
		};
		81F8D68627DA139100894748 /* PBXTargetDependency */ = {
			isa = PBXTargetDependency;
			target = 81F8D66327DA138F00894748 /* Getaround */;
			targetProxy = 81F8D68527DA139100894748 /* PBXContainerItemProxy */;
		};
/* End PBXTargetDependency section */

/* Begin PBXVariantGroup section */
		81F8D66D27DA138F00894748 /* Main.storyboard */ = {
			isa = PBXVariantGroup;
			children = (
				81F8D66E27DA138F00894748 /* Base */,
			);
			name = Main.storyboard;
			sourceTree = "<group>";
		};
		81F8D67227DA139100894748 /* LaunchScreen.storyboard */ = {
			isa = PBXVariantGroup;
			children = (
				81F8D67327DA139100894748 /* Base */,
			);
			name = LaunchScreen.storyboard;
			sourceTree = "<group>";
		};
/* End PBXVariantGroup section */

/* Begin XCBuildConfiguration section */
		81F8D68C27DA139200894748 /* Debug */ = {
			isa = XCBuildConfiguration;
			buildSettings = {
				ALWAYS_SEARCH_USER_PATHS = NO;
				CLANG_ANALYZER_NONNULL = YES;
				CLANG_ANALYZER_NUMBER_OBJECT_CONVERSION = YES_AGGRESSIVE;
				CLANG_CXX_LANGUAGE_STANDARD = "gnu++17";
				CLANG_CXX_LIBRARY = "libc++";
				CLANG_ENABLE_MODULES = YES;
				CLANG_ENABLE_OBJC_ARC = YES;
				CLANG_ENABLE_OBJC_WEAK = YES;
				CLANG_WARN_BLOCK_CAPTURE_AUTORELEASING = YES;
				CLANG_WARN_BOOL_CONVERSION = YES;
				CLANG_WARN_COMMA = YES;
				CLANG_WARN_CONSTANT_CONVERSION = YES;
				CLANG_WARN_DEPRECATED_OBJC_IMPLEMENTATIONS = YES;
				CLANG_WARN_DIRECT_OBJC_ISA_USAGE = YES_ERROR;
				CLANG_WARN_DOCUMENTATION_COMMENTS = YES;
				CLANG_WARN_EMPTY_BODY = YES;
				CLANG_WARN_ENUM_CONVERSION = YES;
				CLANG_WARN_INFINITE_RECURSION = YES;
				CLANG_WARN_INT_CONVERSION = YES;
				CLANG_WARN_NON_LITERAL_NULL_CONVERSION = YES;
				CLANG_WARN_OBJC_IMPLICIT_RETAIN_SELF = YES;
				CLANG_WARN_OBJC_LITERAL_CONVERSION = YES;
				CLANG_WARN_OBJC_ROOT_CLASS = YES_ERROR;
				CLANG_WARN_QUOTED_INCLUDE_IN_FRAMEWORK_HEADER = YES;
				CLANG_WARN_RANGE_LOOP_ANALYSIS = YES;
				CLANG_WARN_STRICT_PROTOTYPES = YES;
				CLANG_WARN_SUSPICIOUS_MOVE = YES;
				CLANG_WARN_UNGUARDED_AVAILABILITY = YES_AGGRESSIVE;
				CLANG_WARN_UNREACHABLE_CODE = YES;
				CLANG_WARN__DUPLICATE_METHOD_MATCH = YES;
				COPY_PHASE_STRIP = NO;
				DEBUG_INFORMATION_FORMAT = dwarf;
				ENABLE_STRICT_OBJC_MSGSEND = YES;
				ENABLE_TESTABILITY = YES;
				GCC_C_LANGUAGE_STANDARD = gnu11;
				GCC_DYNAMIC_NO_PIC = NO;
				GCC_NO_COMMON_BLOCKS = YES;
				GCC_OPTIMIZATION_LEVEL = 0;
				GCC_PREPROCESSOR_DEFINITIONS = (
					"DEBUG=1",
					"$(inherited)",
				);
				GCC_WARN_64_TO_32_BIT_CONVERSION = YES;
				GCC_WARN_ABOUT_RETURN_TYPE = YES_ERROR;
				GCC_WARN_UNDECLARED_SELECTOR = YES;
				GCC_WARN_UNINITIALIZED_AUTOS = YES_AGGRESSIVE;
				GCC_WARN_UNUSED_FUNCTION = YES;
				GCC_WARN_UNUSED_VARIABLE = YES;
				IPHONEOS_DEPLOYMENT_TARGET = 15.2;
				MTL_ENABLE_DEBUG_INFO = INCLUDE_SOURCE;
				MTL_FAST_MATH = YES;
				ONLY_ACTIVE_ARCH = YES;
				SDKROOT = iphoneos;
				SWIFT_ACTIVE_COMPILATION_CONDITIONS = DEBUG;
				SWIFT_OPTIMIZATION_LEVEL = "-Onone";
			};
			name = Debug;
		};
		81F8D68D27DA139200894748 /* Release */ = {
			isa = XCBuildConfiguration;
			buildSettings = {
				ALWAYS_SEARCH_USER_PATHS = NO;
				CLANG_ANALYZER_NONNULL = YES;
				CLANG_ANALYZER_NUMBER_OBJECT_CONVERSION = YES_AGGRESSIVE;
				CLANG_CXX_LANGUAGE_STANDARD = "gnu++17";
				CLANG_CXX_LIBRARY = "libc++";
				CLANG_ENABLE_MODULES = YES;
				CLANG_ENABLE_OBJC_ARC = YES;
				CLANG_ENABLE_OBJC_WEAK = YES;
				CLANG_WARN_BLOCK_CAPTURE_AUTORELEASING = YES;
				CLANG_WARN_BOOL_CONVERSION = YES;
				CLANG_WARN_COMMA = YES;
				CLANG_WARN_CONSTANT_CONVERSION = YES;
				CLANG_WARN_DEPRECATED_OBJC_IMPLEMENTATIONS = YES;
				CLANG_WARN_DIRECT_OBJC_ISA_USAGE = YES_ERROR;
				CLANG_WARN_DOCUMENTATION_COMMENTS = YES;
				CLANG_WARN_EMPTY_BODY = YES;
				CLANG_WARN_ENUM_CONVERSION = YES;
				CLANG_WARN_INFINITE_RECURSION = YES;
				CLANG_WARN_INT_CONVERSION = YES;
				CLANG_WARN_NON_LITERAL_NULL_CONVERSION = YES;
				CLANG_WARN_OBJC_IMPLICIT_RETAIN_SELF = YES;
				CLANG_WARN_OBJC_LITERAL_CONVERSION = YES;
				CLANG_WARN_OBJC_ROOT_CLASS = YES_ERROR;
				CLANG_WARN_QUOTED_INCLUDE_IN_FRAMEWORK_HEADER = YES;
				CLANG_WARN_RANGE_LOOP_ANALYSIS = YES;
				CLANG_WARN_STRICT_PROTOTYPES = YES;
				CLANG_WARN_SUSPICIOUS_MOVE = YES;
				CLANG_WARN_UNGUARDED_AVAILABILITY = YES_AGGRESSIVE;
				CLANG_WARN_UNREACHABLE_CODE = YES;
				CLANG_WARN__DUPLICATE_METHOD_MATCH = YES;
				COPY_PHASE_STRIP = NO;
				DEBUG_INFORMATION_FORMAT = "dwarf-with-dsym";
				ENABLE_NS_ASSERTIONS = NO;
				ENABLE_STRICT_OBJC_MSGSEND = YES;
				GCC_C_LANGUAGE_STANDARD = gnu11;
				GCC_NO_COMMON_BLOCKS = YES;
				GCC_WARN_64_TO_32_BIT_CONVERSION = YES;
				GCC_WARN_ABOUT_RETURN_TYPE = YES_ERROR;
				GCC_WARN_UNDECLARED_SELECTOR = YES;
				GCC_WARN_UNINITIALIZED_AUTOS = YES_AGGRESSIVE;
				GCC_WARN_UNUSED_FUNCTION = YES;
				GCC_WARN_UNUSED_VARIABLE = YES;
				IPHONEOS_DEPLOYMENT_TARGET = 15.2;
				MTL_ENABLE_DEBUG_INFO = NO;
				MTL_FAST_MATH = YES;
				SDKROOT = iphoneos;
				SWIFT_COMPILATION_MODE = wholemodule;
				SWIFT_OPTIMIZATION_LEVEL = "-O";
				VALIDATE_PRODUCT = YES;
			};
			name = Release;
		};
		81F8D68F27DA139200894748 /* Debug */ = {
			isa = XCBuildConfiguration;
			buildSettings = {
				ASSETCATALOG_COMPILER_APPICON_NAME = AppIcon;
				ASSETCATALOG_COMPILER_GLOBAL_ACCENT_COLOR_NAME = AccentColor;
				CODE_SIGN_STYLE = Automatic;
				CURRENT_PROJECT_VERSION = 1;
				DEVELOPMENT_TEAM = LW66PFZQH6;
				GENERATE_INFOPLIST_FILE = YES;
				INFOPLIST_FILE = Getaround/Info.plist;
				INFOPLIST_KEY_UIApplicationSupportsIndirectInputEvents = YES;
				INFOPLIST_KEY_UILaunchStoryboardName = LaunchScreen;
				INFOPLIST_KEY_UIMainStoryboardFile = Main;
				INFOPLIST_KEY_UISupportedInterfaceOrientations_iPad = "UIInterfaceOrientationPortrait UIInterfaceOrientationPortraitUpsideDown UIInterfaceOrientationLandscapeLeft UIInterfaceOrientationLandscapeRight";
				INFOPLIST_KEY_UISupportedInterfaceOrientations_iPhone = "UIInterfaceOrientationPortrait UIInterfaceOrientationLandscapeLeft UIInterfaceOrientationLandscapeRight";
				LD_RUNPATH_SEARCH_PATHS = (
					"$(inherited)",
					"@executable_path/Frameworks",
				);
				MARKETING_VERSION = 1.0;
				PRODUCT_BUNDLE_IDENTIFIER = com.birkyboy.Getaround;
				PRODUCT_NAME = "$(TARGET_NAME)";
				SWIFT_EMIT_LOC_STRINGS = YES;
				SWIFT_VERSION = 5.0;
				TARGETED_DEVICE_FAMILY = "1,2";
			};
			name = Debug;
		};
		81F8D69027DA139200894748 /* Release */ = {
			isa = XCBuildConfiguration;
			buildSettings = {
				ASSETCATALOG_COMPILER_APPICON_NAME = AppIcon;
				ASSETCATALOG_COMPILER_GLOBAL_ACCENT_COLOR_NAME = AccentColor;
				CODE_SIGN_STYLE = Automatic;
				CURRENT_PROJECT_VERSION = 1;
				DEVELOPMENT_TEAM = LW66PFZQH6;
				GENERATE_INFOPLIST_FILE = YES;
				INFOPLIST_FILE = Getaround/Info.plist;
				INFOPLIST_KEY_UIApplicationSupportsIndirectInputEvents = YES;
				INFOPLIST_KEY_UILaunchStoryboardName = LaunchScreen;
				INFOPLIST_KEY_UIMainStoryboardFile = Main;
				INFOPLIST_KEY_UISupportedInterfaceOrientations_iPad = "UIInterfaceOrientationPortrait UIInterfaceOrientationPortraitUpsideDown UIInterfaceOrientationLandscapeLeft UIInterfaceOrientationLandscapeRight";
				INFOPLIST_KEY_UISupportedInterfaceOrientations_iPhone = "UIInterfaceOrientationPortrait UIInterfaceOrientationLandscapeLeft UIInterfaceOrientationLandscapeRight";
				LD_RUNPATH_SEARCH_PATHS = (
					"$(inherited)",
					"@executable_path/Frameworks",
				);
				MARKETING_VERSION = 1.0;
				PRODUCT_BUNDLE_IDENTIFIER = com.birkyboy.Getaround;
				PRODUCT_NAME = "$(TARGET_NAME)";
				SWIFT_EMIT_LOC_STRINGS = YES;
				SWIFT_VERSION = 5.0;
				TARGETED_DEVICE_FAMILY = "1,2";
			};
			name = Release;
		};
		81F8D69227DA139200894748 /* Debug */ = {
			isa = XCBuildConfiguration;
			buildSettings = {
				ALWAYS_EMBED_SWIFT_STANDARD_LIBRARIES = YES;
				BUNDLE_LOADER = "$(TEST_HOST)";
				CODE_SIGN_STYLE = Automatic;
				CURRENT_PROJECT_VERSION = 1;
				DEVELOPMENT_TEAM = LW66PFZQH6;
				GENERATE_INFOPLIST_FILE = YES;
				IPHONEOS_DEPLOYMENT_TARGET = 15.2;
				MARKETING_VERSION = 1.0;
				PRODUCT_BUNDLE_IDENTIFIER = com.birkyboy.GetaroundTests;
				PRODUCT_NAME = "$(TARGET_NAME)";
				SWIFT_EMIT_LOC_STRINGS = NO;
				SWIFT_VERSION = 5.0;
				TARGETED_DEVICE_FAMILY = "1,2";
				TEST_HOST = "$(BUILT_PRODUCTS_DIR)/Getaround.app/Getaround";
			};
			name = Debug;
		};
		81F8D69327DA139200894748 /* Release */ = {
			isa = XCBuildConfiguration;
			buildSettings = {
				ALWAYS_EMBED_SWIFT_STANDARD_LIBRARIES = YES;
				BUNDLE_LOADER = "$(TEST_HOST)";
				CODE_SIGN_STYLE = Automatic;
				CURRENT_PROJECT_VERSION = 1;
				DEVELOPMENT_TEAM = LW66PFZQH6;
				GENERATE_INFOPLIST_FILE = YES;
				IPHONEOS_DEPLOYMENT_TARGET = 15.2;
				MARKETING_VERSION = 1.0;
				PRODUCT_BUNDLE_IDENTIFIER = com.birkyboy.GetaroundTests;
				PRODUCT_NAME = "$(TARGET_NAME)";
				SWIFT_EMIT_LOC_STRINGS = NO;
				SWIFT_VERSION = 5.0;
				TARGETED_DEVICE_FAMILY = "1,2";
				TEST_HOST = "$(BUILT_PRODUCTS_DIR)/Getaround.app/Getaround";
			};
			name = Release;
		};
		81F8D69527DA139200894748 /* Debug */ = {
			isa = XCBuildConfiguration;
			buildSettings = {
				ALWAYS_EMBED_SWIFT_STANDARD_LIBRARIES = YES;
				CODE_SIGN_STYLE = Automatic;
				CURRENT_PROJECT_VERSION = 1;
				DEVELOPMENT_TEAM = LW66PFZQH6;
				GENERATE_INFOPLIST_FILE = YES;
				MARKETING_VERSION = 1.0;
				PRODUCT_BUNDLE_IDENTIFIER = com.birkyboy.GetaroundUITests;
				PRODUCT_NAME = "$(TARGET_NAME)";
				SWIFT_EMIT_LOC_STRINGS = NO;
				SWIFT_VERSION = 5.0;
				TARGETED_DEVICE_FAMILY = "1,2";
				TEST_TARGET_NAME = Getaround;
			};
			name = Debug;
		};
		81F8D69627DA139200894748 /* Release */ = {
			isa = XCBuildConfiguration;
			buildSettings = {
				ALWAYS_EMBED_SWIFT_STANDARD_LIBRARIES = YES;
				CODE_SIGN_STYLE = Automatic;
				CURRENT_PROJECT_VERSION = 1;
				DEVELOPMENT_TEAM = LW66PFZQH6;
				GENERATE_INFOPLIST_FILE = YES;
				MARKETING_VERSION = 1.0;
				PRODUCT_BUNDLE_IDENTIFIER = com.birkyboy.GetaroundUITests;
				PRODUCT_NAME = "$(TARGET_NAME)";
				SWIFT_EMIT_LOC_STRINGS = NO;
				SWIFT_VERSION = 5.0;
				TARGETED_DEVICE_FAMILY = "1,2";
				TEST_TARGET_NAME = Getaround;
			};
			name = Release;
		};
/* End XCBuildConfiguration section */

/* Begin XCConfigurationList section */
		81F8D65F27DA138F00894748 /* Build configuration list for PBXProject "Getaround" */ = {
			isa = XCConfigurationList;
			buildConfigurations = (
				81F8D68C27DA139200894748 /* Debug */,
				81F8D68D27DA139200894748 /* Release */,
			);
			defaultConfigurationIsVisible = 0;
			defaultConfigurationName = Release;
		};
		81F8D68E27DA139200894748 /* Build configuration list for PBXNativeTarget "Getaround" */ = {
			isa = XCConfigurationList;
			buildConfigurations = (
				81F8D68F27DA139200894748 /* Debug */,
				81F8D69027DA139200894748 /* Release */,
			);
			defaultConfigurationIsVisible = 0;
			defaultConfigurationName = Release;
		};
		81F8D69127DA139200894748 /* Build configuration list for PBXNativeTarget "GetaroundTests" */ = {
			isa = XCConfigurationList;
			buildConfigurations = (
				81F8D69227DA139200894748 /* Debug */,
				81F8D69327DA139200894748 /* Release */,
			);
			defaultConfigurationIsVisible = 0;
			defaultConfigurationName = Release;
		};
		81F8D69427DA139200894748 /* Build configuration list for PBXNativeTarget "GetaroundUITests" */ = {
			isa = XCConfigurationList;
			buildConfigurations = (
				81F8D69527DA139200894748 /* Debug */,
				81F8D69627DA139200894748 /* Release */,
			);
			defaultConfigurationIsVisible = 0;
			defaultConfigurationName = Release;
		};
/* End XCConfigurationList section */
	};
	rootObject = 81F8D65C27DA138F00894748 /* Project object */;
}
